
Microsoft Visual Studio Solution File, Format Version 12.00
# Visual Studio Version 16
VisualStudioVersion = 16.0.33130.400
MinimumVisualStudioVersion = 10.0.40219.1
Project("{FAE04EC0-301F-11D3-BF4B-00C04F79EFBC}") = "PaulQpro.Lib.Math", "Math\PaulQpro.Lib.Math.csproj", "{F32D48CC-AA80-4D58-BEB0-4A1448FEFD44}"
EndProject
Project("{FAE04EC0-301F-11D3-BF4B-00C04F79EFBC}") = "Tester", "Tester\Tester.csproj", "{8E3ECA6F-7836-480B-8BE1-67882A54DE00}"
EndProject
Project("{FAE04EC0-301F-11D3-BF4B-00C04F79EFBC}") = "PaulQpro.Lib.Image", "Image\PaulQpro.Lib.Image.csproj", "{5BF32E56-209D-4F2E-808F-2DD4DA143409}"
EndProject
Global
	GlobalSection(SolutionConfigurationPlatforms) = preSolution
		Debug|Any CPU = Debug|Any CPU
		Release|Any CPU = Release|Any CPU
	EndGlobalSection
	GlobalSection(ProjectConfigurationPlatforms) = postSolution
		{F32D48CC-AA80-4D58-BEB0-4A1448FEFD44}.Debug|Any CPU.ActiveCfg = Debug|Any CPU
		{F32D48CC-AA80-4D58-BEB0-4A1448FEFD44}.Debug|Any CPU.Build.0 = Debug|Any CPU
		{F32D48CC-AA80-4D58-BEB0-4A1448FEFD44}.Release|Any CPU.ActiveCfg = Release|Any CPU
		{F32D48CC-AA80-4D58-BEB0-4A1448FEFD44}.Release|Any CPU.Build.0 = Release|Any CPU
		{8E3ECA6F-7836-480B-8BE1-67882A54DE00}.Debug|Any CPU.ActiveCfg = Debug|Any CPU
		{8E3ECA6F-7836-480B-8BE1-67882A54DE00}.Debug|Any CPU.Build.0 = Debug|Any CPU
		{8E3ECA6F-7836-480B-8BE1-67882A54DE00}.Release|Any CPU.ActiveCfg = Release|Any CPU
		{8E3ECA6F-7836-480B-8BE1-67882A54DE00}.Release|Any CPU.Build.0 = Release|Any CPU
		{5BF32E56-209D-4F2E-808F-2DD4DA143409}.Debug|Any CPU.ActiveCfg = Debug|Any CPU
		{5BF32E56-209D-4F2E-808F-2DD4DA143409}.Debug|Any CPU.Build.0 = Debug|Any CPU
		{5BF32E56-209D-4F2E-808F-2DD4DA143409}.Release|Any CPU.ActiveCfg = Release|Any CPU
		{5BF32E56-209D-4F2E-808F-2DD4DA143409}.Release|Any CPU.Build.0 = Release|Any CPU
	EndGlobalSection
	GlobalSection(SolutionProperties) = preSolution
		HideSolutionNode = FALSE
	EndGlobalSection
	GlobalSection(ExtensibilityGlobals) = postSolution
		SolutionGuid = {1B3688F7-6585-43C1-9FAD-C99B8A856898}
	EndGlobalSection
EndGlobal
