
Microsoft Visual Studio Solution File, Format Version 12.00
# Visual Studio Version 16
VisualStudioVersion = 16.0.33130.400
MinimumVisualStudioVersion = 10.0.40219.1
Project("{FAE04EC0-301F-11D3-BF4B-00C04F79EFBC}") = "PaulQpro.Lib.Math", "PaulQpro.Lib.Math.csproj", "{F32D48CC-AA80-4D58-BEB0-4A1448FEFD44}"
EndProject
Project("{FAE04EC0-301F-11D3-BF4B-00C04F79EFBC}") = "Tester", "Tester\Tester.csproj", "{B2F60634-955B-40C7-9F4D-6960EA643821}"
EndProject
Global
	GlobalSection(SolutionConfigurationPlatforms) = preSolution
		Debug|Any CPU = Debug|Any CPU
		Release|Any CPU = Release|Any CPU
	EndGlobalSection
	GlobalSection(ProjectConfigurationPlatforms) = postSolution
		{F32D48CC-AA80-4D58-BEB0-4A1448FEFD44}.Debug|Any CPU.ActiveCfg = Debug|Any CPU
		{F32D48CC-AA80-4D58-BEB0-4A1448FEFD44}.Debug|Any CPU.Build.0 = Debug|Any CPU
		{F32D48CC-AA80-4D58-BEB0-4A1448FEFD44}.Release|Any CPU.ActiveCfg = Release|Any CPU
		{F32D48CC-AA80-4D58-BEB0-4A1448FEFD44}.Release|Any CPU.Build.0 = Release|Any CPU
		{B2F60634-955B-40C7-9F4D-6960EA643821}.Debug|Any CPU.ActiveCfg = Debug|Any CPU
		{B2F60634-955B-40C7-9F4D-6960EA643821}.Debug|Any CPU.Build.0 = Debug|Any CPU
		{B2F60634-955B-40C7-9F4D-6960EA643821}.Release|Any CPU.ActiveCfg = Release|Any CPU
		{B2F60634-955B-40C7-9F4D-6960EA643821}.Release|Any CPU.Build.0 = Release|Any CPU
	EndGlobalSection
	GlobalSection(SolutionProperties) = preSolution
		HideSolutionNode = FALSE
	EndGlobalSection
	GlobalSection(ExtensibilityGlobals) = postSolution
		SolutionGuid = {1B3688F7-6585-43C1-9FAD-C99B8A856898}
	EndGlobalSection
EndGlobal
